
Microsoft Visual Studio Solution File, Format Version 12.00
# Visual Studio Version 16
VisualStudioVersion = 16.0.31829.152
MinimumVisualStudioVersion = 10.0.40219.1
Project("{FAE04EC0-301F-11D3-BF4B-00C04F79EFBC}") = "calculadoraMikaGrazi", "calculadoraMikaGrazi\calculadoraMikaGrazi.csproj", "{99807D57-97AF-4205-A26E-DDFF61654DAF}"
EndProject
Global
	GlobalSection(SolutionConfigurationPlatforms) = preSolution
		Debug|Any CPU = Debug|Any CPU
		Release|Any CPU = Release|Any CPU
	EndGlobalSection
	GlobalSection(ProjectConfigurationPlatforms) = postSolution
		{99807D57-97AF-4205-A26E-DDFF61654DAF}.Debug|Any CPU.ActiveCfg = Debug|Any CPU
		{99807D57-97AF-4205-A26E-DDFF61654DAF}.Debug|Any CPU.Build.0 = Debug|Any CPU
		{99807D57-97AF-4205-A26E-DDFF61654DAF}.Release|Any CPU.ActiveCfg = Release|Any CPU
		{99807D57-97AF-4205-A26E-DDFF61654DAF}.Release|Any CPU.Build.0 = Release|Any CPU
	EndGlobalSection
	GlobalSection(SolutionProperties) = preSolution
		HideSolutionNode = FALSE
	EndGlobalSection
	GlobalSection(ExtensibilityGlobals) = postSolution
		SolutionGuid = {37F644C3-FC5F-4CB2-8A4A-3512149E0B5B}
	EndGlobalSection
EndGlobal
